
Microsoft Visual Studio Solution File, Format Version 12.00
# Visual Studio Version 17
VisualStudioVersion = 17.6.33829.357
MinimumVisualStudioVersion = 10.0.40219.1
Project("{FAE04EC0-301F-11D3-BF4B-00C04F79EFBC}") = "CDN-WebApplication1", "CDN-WebApplication1.csproj", "{24A60B6D-0EF4-4865-92D5-0BCF9CA08261}"
EndProject
Global
	GlobalSection(SolutionConfigurationPlatforms) = preSolution
		Debug|Any CPU = Debug|Any CPU
		Release|Any CPU = Release|Any CPU
	EndGlobalSection
	GlobalSection(ProjectConfigurationPlatforms) = postSolution
		{24A60B6D-0EF4-4865-92D5-0BCF9CA08261}.Debug|Any CPU.ActiveCfg = Debug|Any CPU
		{24A60B6D-0EF4-4865-92D5-0BCF9CA08261}.Debug|Any CPU.Build.0 = Debug|Any CPU
		{24A60B6D-0EF4-4865-92D5-0BCF9CA08261}.Release|Any CPU.ActiveCfg = Release|Any CPU
		{24A60B6D-0EF4-4865-92D5-0BCF9CA08261}.Release|Any CPU.Build.0 = Release|Any CPU
	EndGlobalSection
	GlobalSection(SolutionProperties) = preSolution
		HideSolutionNode = FALSE
	EndGlobalSection
	GlobalSection(ExtensibilityGlobals) = postSolution
		SolutionGuid = {4805D4A5-D740-466D-A607-9D7D99074D66}
	EndGlobalSection
EndGlobal
